
Microsoft Visual Studio Solution File, Format Version 11.00
# Visual Studio 2010
Project("{FAE04EC0-301F-11D3-BF4B-00C04F79EFBC}") = "GameProxies", "GameProxies.csproj", "{956CA191-D651-B29C-FCF2-0E8AF4A495E5}"
EndProject
Project("{FAE04EC0-301F-11D3-BF4B-00C04F79EFBC}") = "EthansDream", "EthansDream.csproj", "{F9215281-B8B7-77D7-319E-68151FABBAF7}"
EndProject
Project("{FAE04EC0-301F-11D3-BF4B-00C04F79EFBC}") = "EthansDream-Editor", "EthansDream-Editor.csproj", "{06E9E8C4-2C23-245D-0737-389D3DEDAB9F}"
EndProject
Global
	GlobalSection(SolutionConfigurationPlatforms) = preSolution
		Debug|Any CPU = Debug|Any CPU
		Release|Any CPU = Release|Any CPU
	EndGlobalSection
	GlobalSection(ProjectConfigurationPlatforms) = postSolution
		{956CA191-D651-B29C-FCF2-0E8AF4A495E5}.Debug|Any CPU.ActiveCfg = Debug|Any CPU
		{956CA191-D651-B29C-FCF2-0E8AF4A495E5}.Debug|Any CPU.Build.0 = Debug|Any CPU
		{956CA191-D651-B29C-FCF2-0E8AF4A495E5}.Release|Any CPU.ActiveCfg = Release|Any CPU
		{956CA191-D651-B29C-FCF2-0E8AF4A495E5}.Release|Any CPU.Build.0 = Release|Any CPU
		{F9215281-B8B7-77D7-319E-68151FABBAF7}.Debug|Any CPU.ActiveCfg = Debug|Any CPU
		{F9215281-B8B7-77D7-319E-68151FABBAF7}.Debug|Any CPU.Build.0 = Debug|Any CPU
		{F9215281-B8B7-77D7-319E-68151FABBAF7}.Release|Any CPU.ActiveCfg = Release|Any CPU
		{F9215281-B8B7-77D7-319E-68151FABBAF7}.Release|Any CPU.Build.0 = Release|Any CPU
		{06E9E8C4-2C23-245D-0737-389D3DEDAB9F}.Debug|Any CPU.ActiveCfg = Debug|Any CPU
		{06E9E8C4-2C23-245D-0737-389D3DEDAB9F}.Debug|Any CPU.Build.0 = Debug|Any CPU
		{06E9E8C4-2C23-245D-0737-389D3DEDAB9F}.Release|Any CPU.ActiveCfg = Release|Any CPU
		{06E9E8C4-2C23-245D-0737-389D3DEDAB9F}.Release|Any CPU.Build.0 = Release|Any CPU
	EndGlobalSection
	GlobalSection(SolutionProperties) = preSolution
		HideSolutionNode = FALSE
	EndGlobalSection
	GlobalSection(MonoDevelopProperties) = preSolution
		StartupItem = EthansDream.csproj
	EndGlobalSection
EndGlobal
